
Microsoft Visual Studio Solution File, Format Version 12.00
# Visual Studio Version 16
VisualStudioVersion = 25.0.1706.11
MinimumVisualStudioVersion = 10.0.40219.1
Project("{2150E333-8FDC-42A3-9474-1A3956D46DE8}") = "API", "API", "{8E5161BA-7694-4D5E-A1BE-8599B91AAC07}"
EndProject
Project("{FAE04EC0-301F-11D3-BF4B-00C04F79EFBC}") = "CPlusAI.Api", "CPlusAI.Api\CPlusAI.Api.csproj", "{7C3E6FFB-0A5D-417E-B783-CADB6B64A886}"
EndProject
Global
	GlobalSection(SolutionConfigurationPlatforms) = preSolution
		Debug|Any CPU = Debug|Any CPU
		Release|Any CPU = Release|Any CPU
	EndGlobalSection
	GlobalSection(ProjectConfigurationPlatforms) = postSolution
		{7C3E6FFB-0A5D-417E-B783-CADB6B64A886}.Debug|Any CPU.ActiveCfg = Debug|Any CPU
		{7C3E6FFB-0A5D-417E-B783-CADB6B64A886}.Debug|Any CPU.Build.0 = Debug|Any CPU
		{7C3E6FFB-0A5D-417E-B783-CADB6B64A886}.Release|Any CPU.ActiveCfg = Release|Any CPU
		{7C3E6FFB-0A5D-417E-B783-CADB6B64A886}.Release|Any CPU.Build.0 = Release|Any CPU
	EndGlobalSection
	GlobalSection(SolutionProperties) = preSolution
		HideSolutionNode = FALSE
	EndGlobalSection
	GlobalSection(ExtensibilityGlobals) = postSolution
		SolutionGuid = {6C2FA790-7AD6-4022-9E6B-EBDFD68435D2}
	EndGlobalSection
	GlobalSection(NestedProjects) = preSolution
		{7C3E6FFB-0A5D-417E-B783-CADB6B64A886} = {8E5161BA-7694-4D5E-A1BE-8599B91AAC07}
	EndGlobalSection
EndGlobal
